
Microsoft Visual Studio Solution File, Format Version 12.00
# Visual Studio Version 17
VisualStudioVersion = 17.8.34309.116
MinimumVisualStudioVersion = 10.0.40219.1
Project("{FAE04EC0-301F-11D3-BF4B-00C04F79EFBC}") = "TechStore", "TechStore\TechStore.csproj", "{24AF629B-3681-43C9-A3AB-052ACA7E22C1}"
EndProject
Global
	GlobalSection(SolutionConfigurationPlatforms) = preSolution
		Debug|Any CPU = Debug|Any CPU
		Release|Any CPU = Release|Any CPU
	EndGlobalSection
	GlobalSection(ProjectConfigurationPlatforms) = postSolution
		{24AF629B-3681-43C9-A3AB-052ACA7E22C1}.Debug|Any CPU.ActiveCfg = Debug|Any CPU
		{24AF629B-3681-43C9-A3AB-052ACA7E22C1}.Debug|Any CPU.Build.0 = Debug|Any CPU
		{24AF629B-3681-43C9-A3AB-052ACA7E22C1}.Release|Any CPU.ActiveCfg = Release|Any CPU
		{24AF629B-3681-43C9-A3AB-052ACA7E22C1}.Release|Any CPU.Build.0 = Release|Any CPU
	EndGlobalSection
	GlobalSection(SolutionProperties) = preSolution
		HideSolutionNode = FALSE
	EndGlobalSection
	GlobalSection(ExtensibilityGlobals) = postSolution
		SolutionGuid = {E1FA3460-0446-43D5-9953-F9DD47F78677}
	EndGlobalSection
EndGlobal
